
Microsoft Visual Studio Solution File, Format Version 12.00
# Visual Studio Version 17
VisualStudioVersion = 17.10.34928.147
MinimumVisualStudioVersion = 10.0.40219.1
Project("{FAE04EC0-301F-11D3-BF4B-00C04F79EFBC}") = "1-EXAMEN", "1-EXAMEN\1-EXAMEN.csproj", "{1AA13CC1-33FE-4F72-9989-E6F84B4B3B85}"
EndProject
Global
	GlobalSection(SolutionConfigurationPlatforms) = preSolution
		Debug|Any CPU = Debug|Any CPU
		Release|Any CPU = Release|Any CPU
	EndGlobalSection
	GlobalSection(ProjectConfigurationPlatforms) = postSolution
		{1AA13CC1-33FE-4F72-9989-E6F84B4B3B85}.Debug|Any CPU.ActiveCfg = Debug|Any CPU
		{1AA13CC1-33FE-4F72-9989-E6F84B4B3B85}.Debug|Any CPU.Build.0 = Debug|Any CPU
		{1AA13CC1-33FE-4F72-9989-E6F84B4B3B85}.Release|Any CPU.ActiveCfg = Release|Any CPU
		{1AA13CC1-33FE-4F72-9989-E6F84B4B3B85}.Release|Any CPU.Build.0 = Release|Any CPU
	EndGlobalSection
	GlobalSection(SolutionProperties) = preSolution
		HideSolutionNode = FALSE
	EndGlobalSection
	GlobalSection(ExtensibilityGlobals) = postSolution
		SolutionGuid = {1C28B236-29E5-418C-9A0E-5499C7741513}
	EndGlobalSection
EndGlobal
